# This file is automatically @generated by Poetry 1.8.3 and should not be changed by hand.

[[package]]
name = "hashring"
version = "1.5.1"
description = "Implements consistent hashing in Python (using md5 as hashing function)."
optional = false
python-versions = "*"
files = [
    {file = "hashring-1.5.1-py2.py3-none-any.whl", hash = "sha256:f8498acc7fd0952a7e9a2cf6087ed33afbc96372d86eab705a836e31c4ede837"},
    {file = "hashring-1.5.1.tar.gz", hash = "sha256:b3a4f78a51b80823565bb2132be9d60c98c79875006b7f47584a2c1e682e319f"},
]

[[package]]
name = "memcache"
version = "0.12.0"
description = "Memcached client for Python"
optional = false
python-versions = ">=3.7,<4.0"
files = [
    {file = "memcache-0.12.0-py3-none-any.whl", hash = "sha256:bee47020321f8c5bf0f7daa03d97b67c3c9d708157061ed249af6b2b74be3de4"},
    {file = "memcache-0.12.0.tar.gz", hash = "sha256:b14224df7b97769a1114c6bc3d6a0e684c42e7f033f5b5e77cbdc54418a5dfa7"},
]

[package.dependencies]
hashring = ">=1.5.1,<2.0.0"

[metadata]
lock-version = "2.0"
python-versions = "^3.13"
content-hash = "855743a8c1cad50b16ba259d2589eacbd31a886c19e1f934737d1578d511df9a"
